
Microsoft Visual Studio Solution File, Format Version 12.00
# Visual Studio Version 17
VisualStudioVersion = 17.8.34322.80
MinimumVisualStudioVersion = 10.0.40219.1
Project("{FAE04EC0-301F-11D3-BF4B-00C04F79EFBC}") = "2Plus2", "2Plus2.csproj", "{D21473D3-03E8-4B65-BF08-D69A65F6195E}"
EndProject
Global
	GlobalSection(SolutionConfigurationPlatforms) = preSolution
		Debug|Any CPU = Debug|Any CPU
		Release|Any CPU = Release|Any CPU
	EndGlobalSection
	GlobalSection(ProjectConfigurationPlatforms) = postSolution
		{D21473D3-03E8-4B65-BF08-D69A65F6195E}.Debug|Any CPU.ActiveCfg = Debug|Any CPU
		{D21473D3-03E8-4B65-BF08-D69A65F6195E}.Debug|Any CPU.Build.0 = Debug|Any CPU
		{D21473D3-03E8-4B65-BF08-D69A65F6195E}.Release|Any CPU.ActiveCfg = Release|Any CPU
		{D21473D3-03E8-4B65-BF08-D69A65F6195E}.Release|Any CPU.Build.0 = Release|Any CPU
	EndGlobalSection
	GlobalSection(SolutionProperties) = preSolution
		HideSolutionNode = FALSE
	EndGlobalSection
	GlobalSection(ExtensibilityGlobals) = postSolution
		SolutionGuid = {1CA865A9-08F8-451E-80A4-2ACC5AE6E631}
	EndGlobalSection
EndGlobal
